
Microsoft Visual Studio Solution File, Format Version 12.00
# Visual Studio Version 16
VisualStudioVersion = 16.0.30413.136
MinimumVisualStudioVersion = 10.0.40219.1
Project("{8BC9CEB8-8B4A-11D0-8D11-00A0C91BC942}") = "T1", "T1\T1.vcxproj", "{3514AEDD-F9AF-48A1-9C3A-1A17814141FF}"
EndProject
Project("{8BC9CEB8-8B4A-11D0-8D11-00A0C91BC942}") = "T2", "T2\T2.vcxproj", "{B41D5760-DF16-4BD7-9CEA-62CFAEF41441}"
EndProject
Global
	GlobalSection(SolutionConfigurationPlatforms) = preSolution
		Debug|x64 = Debug|x64
		Debug|x86 = Debug|x86
		Release|x64 = Release|x64
		Release|x86 = Release|x86
	EndGlobalSection
	GlobalSection(ProjectConfigurationPlatforms) = postSolution
		{3514AEDD-F9AF-48A1-9C3A-1A17814141FF}.Debug|x64.ActiveCfg = Debug|x64
		{3514AEDD-F9AF-48A1-9C3A-1A17814141FF}.Debug|x64.Build.0 = Debug|x64
		{3514AEDD-F9AF-48A1-9C3A-1A17814141FF}.Debug|x86.ActiveCfg = Debug|Win32
		{3514AEDD-F9AF-48A1-9C3A-1A17814141FF}.Debug|x86.Build.0 = Debug|Win32
		{3514AEDD-F9AF-48A1-9C3A-1A17814141FF}.Release|x64.ActiveCfg = Release|x64
		{3514AEDD-F9AF-48A1-9C3A-1A17814141FF}.Release|x64.Build.0 = Release|x64
		{3514AEDD-F9AF-48A1-9C3A-1A17814141FF}.Release|x86.ActiveCfg = Release|Win32
		{3514AEDD-F9AF-48A1-9C3A-1A17814141FF}.Release|x86.Build.0 = Release|Win32
		{B41D5760-DF16-4BD7-9CEA-62CFAEF41441}.Debug|x64.ActiveCfg = Debug|x64
		{B41D5760-DF16-4BD7-9CEA-62CFAEF41441}.Debug|x64.Build.0 = Debug|x64
		{B41D5760-DF16-4BD7-9CEA-62CFAEF41441}.Debug|x86.ActiveCfg = Debug|Win32
		{B41D5760-DF16-4BD7-9CEA-62CFAEF41441}.Debug|x86.Build.0 = Debug|Win32
		{B41D5760-DF16-4BD7-9CEA-62CFAEF41441}.Release|x64.ActiveCfg = Release|x64
		{B41D5760-DF16-4BD7-9CEA-62CFAEF41441}.Release|x64.Build.0 = Release|x64
		{B41D5760-DF16-4BD7-9CEA-62CFAEF41441}.Release|x86.ActiveCfg = Release|Win32
		{B41D5760-DF16-4BD7-9CEA-62CFAEF41441}.Release|x86.Build.0 = Release|Win32
	EndGlobalSection
	GlobalSection(SolutionProperties) = preSolution
		HideSolutionNode = FALSE
	EndGlobalSection
	GlobalSection(ExtensibilityGlobals) = postSolution
		SolutionGuid = {66622C62-8FCE-43DF-B6CF-CC569D4CF7DB}
	EndGlobalSection
EndGlobal
