
Microsoft Visual Studio Solution File, Format Version 12.00
# Visual Studio Version 16
VisualStudioVersion = 16.0.29519.87
MinimumVisualStudioVersion = 10.0.40219.1
Project("{8BC9CEB8-8B4A-11D0-8D11-00A0C91BC942}") = "T1", "T1\T1.vcxproj", "{05266756-A1ED-49CD-B591-5E6CAB758652}"
EndProject
Project("{8BC9CEB8-8B4A-11D0-8D11-00A0C91BC942}") = "T2", "T2\T2.vcxproj", "{9AC14F23-0841-4BA3-8E1D-C3580BB998FD}"
EndProject
Global
	GlobalSection(SolutionConfigurationPlatforms) = preSolution
		Debug|x64 = Debug|x64
		Debug|x86 = Debug|x86
		Release|x64 = Release|x64
		Release|x86 = Release|x86
	EndGlobalSection
	GlobalSection(ProjectConfigurationPlatforms) = postSolution
		{05266756-A1ED-49CD-B591-5E6CAB758652}.Debug|x64.ActiveCfg = Debug|x64
		{05266756-A1ED-49CD-B591-5E6CAB758652}.Debug|x64.Build.0 = Debug|x64
		{05266756-A1ED-49CD-B591-5E6CAB758652}.Debug|x86.ActiveCfg = Debug|Win32
		{05266756-A1ED-49CD-B591-5E6CAB758652}.Debug|x86.Build.0 = Debug|Win32
		{05266756-A1ED-49CD-B591-5E6CAB758652}.Release|x64.ActiveCfg = Release|x64
		{05266756-A1ED-49CD-B591-5E6CAB758652}.Release|x64.Build.0 = Release|x64
		{05266756-A1ED-49CD-B591-5E6CAB758652}.Release|x86.ActiveCfg = Release|Win32
		{05266756-A1ED-49CD-B591-5E6CAB758652}.Release|x86.Build.0 = Release|Win32
		{9AC14F23-0841-4BA3-8E1D-C3580BB998FD}.Debug|x64.ActiveCfg = Debug|x64
		{9AC14F23-0841-4BA3-8E1D-C3580BB998FD}.Debug|x64.Build.0 = Debug|x64
		{9AC14F23-0841-4BA3-8E1D-C3580BB998FD}.Debug|x86.ActiveCfg = Debug|Win32
		{9AC14F23-0841-4BA3-8E1D-C3580BB998FD}.Debug|x86.Build.0 = Debug|Win32
		{9AC14F23-0841-4BA3-8E1D-C3580BB998FD}.Release|x64.ActiveCfg = Release|x64
		{9AC14F23-0841-4BA3-8E1D-C3580BB998FD}.Release|x64.Build.0 = Release|x64
		{9AC14F23-0841-4BA3-8E1D-C3580BB998FD}.Release|x86.ActiveCfg = Release|Win32
		{9AC14F23-0841-4BA3-8E1D-C3580BB998FD}.Release|x86.Build.0 = Release|Win32
	EndGlobalSection
	GlobalSection(SolutionProperties) = preSolution
		HideSolutionNode = FALSE
	EndGlobalSection
	GlobalSection(ExtensibilityGlobals) = postSolution
		SolutionGuid = {2A9A9245-B944-4644-9AC2-5D68D10BFA2B}
	EndGlobalSection
EndGlobal
