
Microsoft Visual Studio Solution File, Format Version 12.00
# Visual Studio Version 16
VisualStudioVersion = 16.0.30225.117
MinimumVisualStudioVersion = 10.0.40219.1
Project("{8BC9CEB8-8B4A-11D0-8D11-00A0C91BC942}") = "C++ Primer", "C++ Primer\C++ Primer.vcxproj", "{404EF8B1-B16A-44C2-86A1-737A13EAD1AE}"
EndProject
Project("{8BC9CEB8-8B4A-11D0-8D11-00A0C91BC942}") = "工厂模式", "工厂模式\工厂模式.vcxproj", "{3109A798-7D40-4201-B508-6BA4C5857724}"
EndProject
Project("{8BC9CEB8-8B4A-11D0-8D11-00A0C91BC942}") = "单例模式", "单例模式\单例模式.vcxproj", "{E76D3FAD-3231-4736-BCAF-23213D18D94B}"
EndProject
Project("{8BC9CEB8-8B4A-11D0-8D11-00A0C91BC942}") = "汉诺塔", "汉诺塔\汉诺塔.vcxproj", "{9E1E0F83-1FD5-44FE-996C-413FCAF6554B}"
EndProject
Project("{8BC9CEB8-8B4A-11D0-8D11-00A0C91BC942}") = "快排", "快排\快排.vcxproj", "{45364EDB-37E2-4C5C-9D29-8BCEE438A3E7}"
EndProject
Project("{8BC9CEB8-8B4A-11D0-8D11-00A0C91BC942}") = "归并排序", "归并排序\归并排序.vcxproj", "{0916B5CF-1F48-453C-91C4-21FEAF10806F}"
EndProject
Project("{8BC9CEB8-8B4A-11D0-8D11-00A0C91BC942}") = "堆排序", "堆排序\堆排序.vcxproj", "{13685686-35CA-428E-9A89-155D8C5ED3B6}"
EndProject
Project("{8BC9CEB8-8B4A-11D0-8D11-00A0C91BC942}") = "矩阵连乘", "矩阵连乘\矩阵连乘.vcxproj", "{11FEAEBC-FFDB-4217-A5D2-7EA1849DB43D}"
EndProject
Project("{8BC9CEB8-8B4A-11D0-8D11-00A0C91BC942}") = "KMP", "KMP\KMP.vcxproj", "{36A4336C-1446-4A15-A252-EAE5C350F26D}"
EndProject
Global
	GlobalSection(SolutionConfigurationPlatforms) = preSolution
		Debug|x64 = Debug|x64
		Debug|x86 = Debug|x86
		Release|x64 = Release|x64
		Release|x86 = Release|x86
	EndGlobalSection
	GlobalSection(ProjectConfigurationPlatforms) = postSolution
		{404EF8B1-B16A-44C2-86A1-737A13EAD1AE}.Debug|x64.ActiveCfg = Debug|x64
		{404EF8B1-B16A-44C2-86A1-737A13EAD1AE}.Debug|x64.Build.0 = Debug|x64
		{404EF8B1-B16A-44C2-86A1-737A13EAD1AE}.Debug|x86.ActiveCfg = Debug|Win32
		{404EF8B1-B16A-44C2-86A1-737A13EAD1AE}.Debug|x86.Build.0 = Debug|Win32
		{404EF8B1-B16A-44C2-86A1-737A13EAD1AE}.Release|x64.ActiveCfg = Release|x64
		{404EF8B1-B16A-44C2-86A1-737A13EAD1AE}.Release|x64.Build.0 = Release|x64
		{404EF8B1-B16A-44C2-86A1-737A13EAD1AE}.Release|x86.ActiveCfg = Release|Win32
		{404EF8B1-B16A-44C2-86A1-737A13EAD1AE}.Release|x86.Build.0 = Release|Win32
		{3109A798-7D40-4201-B508-6BA4C5857724}.Debug|x64.ActiveCfg = Debug|x64
		{3109A798-7D40-4201-B508-6BA4C5857724}.Debug|x64.Build.0 = Debug|x64
		{3109A798-7D40-4201-B508-6BA4C5857724}.Debug|x86.ActiveCfg = Debug|Win32
		{3109A798-7D40-4201-B508-6BA4C5857724}.Debug|x86.Build.0 = Debug|Win32
		{3109A798-7D40-4201-B508-6BA4C5857724}.Release|x64.ActiveCfg = Release|x64
		{3109A798-7D40-4201-B508-6BA4C5857724}.Release|x64.Build.0 = Release|x64
		{3109A798-7D40-4201-B508-6BA4C5857724}.Release|x86.ActiveCfg = Release|Win32
		{3109A798-7D40-4201-B508-6BA4C5857724}.Release|x86.Build.0 = Release|Win32
		{E76D3FAD-3231-4736-BCAF-23213D18D94B}.Debug|x64.ActiveCfg = Debug|x64
		{E76D3FAD-3231-4736-BCAF-23213D18D94B}.Debug|x64.Build.0 = Debug|x64
		{E76D3FAD-3231-4736-BCAF-23213D18D94B}.Debug|x86.ActiveCfg = Debug|Win32
		{E76D3FAD-3231-4736-BCAF-23213D18D94B}.Debug|x86.Build.0 = Debug|Win32
		{E76D3FAD-3231-4736-BCAF-23213D18D94B}.Release|x64.ActiveCfg = Release|x64
		{E76D3FAD-3231-4736-BCAF-23213D18D94B}.Release|x64.Build.0 = Release|x64
		{E76D3FAD-3231-4736-BCAF-23213D18D94B}.Release|x86.ActiveCfg = Release|Win32
		{E76D3FAD-3231-4736-BCAF-23213D18D94B}.Release|x86.Build.0 = Release|Win32
		{9E1E0F83-1FD5-44FE-996C-413FCAF6554B}.Debug|x64.ActiveCfg = Debug|x64
		{9E1E0F83-1FD5-44FE-996C-413FCAF6554B}.Debug|x64.Build.0 = Debug|x64
		{9E1E0F83-1FD5-44FE-996C-413FCAF6554B}.Debug|x86.ActiveCfg = Debug|Win32
		{9E1E0F83-1FD5-44FE-996C-413FCAF6554B}.Debug|x86.Build.0 = Debug|Win32
		{9E1E0F83-1FD5-44FE-996C-413FCAF6554B}.Release|x64.ActiveCfg = Release|x64
		{9E1E0F83-1FD5-44FE-996C-413FCAF6554B}.Release|x64.Build.0 = Release|x64
		{9E1E0F83-1FD5-44FE-996C-413FCAF6554B}.Release|x86.ActiveCfg = Release|Win32
		{9E1E0F83-1FD5-44FE-996C-413FCAF6554B}.Release|x86.Build.0 = Release|Win32
		{45364EDB-37E2-4C5C-9D29-8BCEE438A3E7}.Debug|x64.ActiveCfg = Debug|x64
		{45364EDB-37E2-4C5C-9D29-8BCEE438A3E7}.Debug|x64.Build.0 = Debug|x64
		{45364EDB-37E2-4C5C-9D29-8BCEE438A3E7}.Debug|x86.ActiveCfg = Debug|Win32
		{45364EDB-37E2-4C5C-9D29-8BCEE438A3E7}.Debug|x86.Build.0 = Debug|Win32
		{45364EDB-37E2-4C5C-9D29-8BCEE438A3E7}.Release|x64.ActiveCfg = Release|x64
		{45364EDB-37E2-4C5C-9D29-8BCEE438A3E7}.Release|x64.Build.0 = Release|x64
		{45364EDB-37E2-4C5C-9D29-8BCEE438A3E7}.Release|x86.ActiveCfg = Release|Win32
		{45364EDB-37E2-4C5C-9D29-8BCEE438A3E7}.Release|x86.Build.0 = Release|Win32
		{0916B5CF-1F48-453C-91C4-21FEAF10806F}.Debug|x64.ActiveCfg = Debug|x64
		{0916B5CF-1F48-453C-91C4-21FEAF10806F}.Debug|x64.Build.0 = Debug|x64
		{0916B5CF-1F48-453C-91C4-21FEAF10806F}.Debug|x86.ActiveCfg = Debug|Win32
		{0916B5CF-1F48-453C-91C4-21FEAF10806F}.Debug|x86.Build.0 = Debug|Win32
		{0916B5CF-1F48-453C-91C4-21FEAF10806F}.Release|x64.ActiveCfg = Release|x64
		{0916B5CF-1F48-453C-91C4-21FEAF10806F}.Release|x64.Build.0 = Release|x64
		{0916B5CF-1F48-453C-91C4-21FEAF10806F}.Release|x86.ActiveCfg = Release|Win32
		{0916B5CF-1F48-453C-91C4-21FEAF10806F}.Release|x86.Build.0 = Release|Win32
		{13685686-35CA-428E-9A89-155D8C5ED3B6}.Debug|x64.ActiveCfg = Debug|x64
		{13685686-35CA-428E-9A89-155D8C5ED3B6}.Debug|x64.Build.0 = Debug|x64
		{13685686-35CA-428E-9A89-155D8C5ED3B6}.Debug|x86.ActiveCfg = Debug|Win32
		{13685686-35CA-428E-9A89-155D8C5ED3B6}.Debug|x86.Build.0 = Debug|Win32
		{13685686-35CA-428E-9A89-155D8C5ED3B6}.Release|x64.ActiveCfg = Release|x64
		{13685686-35CA-428E-9A89-155D8C5ED3B6}.Release|x64.Build.0 = Release|x64
		{13685686-35CA-428E-9A89-155D8C5ED3B6}.Release|x86.ActiveCfg = Release|Win32
		{13685686-35CA-428E-9A89-155D8C5ED3B6}.Release|x86.Build.0 = Release|Win32
		{11FEAEBC-FFDB-4217-A5D2-7EA1849DB43D}.Debug|x64.ActiveCfg = Debug|x64
		{11FEAEBC-FFDB-4217-A5D2-7EA1849DB43D}.Debug|x64.Build.0 = Debug|x64
		{11FEAEBC-FFDB-4217-A5D2-7EA1849DB43D}.Debug|x86.ActiveCfg = Debug|Win32
		{11FEAEBC-FFDB-4217-A5D2-7EA1849DB43D}.Debug|x86.Build.0 = Debug|Win32
		{11FEAEBC-FFDB-4217-A5D2-7EA1849DB43D}.Release|x64.ActiveCfg = Release|x64
		{11FEAEBC-FFDB-4217-A5D2-7EA1849DB43D}.Release|x64.Build.0 = Release|x64
		{11FEAEBC-FFDB-4217-A5D2-7EA1849DB43D}.Release|x86.ActiveCfg = Release|Win32
		{11FEAEBC-FFDB-4217-A5D2-7EA1849DB43D}.Release|x86.Build.0 = Release|Win32
		{36A4336C-1446-4A15-A252-EAE5C350F26D}.Debug|x64.ActiveCfg = Debug|x64
		{36A4336C-1446-4A15-A252-EAE5C350F26D}.Debug|x64.Build.0 = Debug|x64
		{36A4336C-1446-4A15-A252-EAE5C350F26D}.Debug|x86.ActiveCfg = Debug|Win32
		{36A4336C-1446-4A15-A252-EAE5C350F26D}.Debug|x86.Build.0 = Debug|Win32
		{36A4336C-1446-4A15-A252-EAE5C350F26D}.Release|x64.ActiveCfg = Release|x64
		{36A4336C-1446-4A15-A252-EAE5C350F26D}.Release|x64.Build.0 = Release|x64
		{36A4336C-1446-4A15-A252-EAE5C350F26D}.Release|x86.ActiveCfg = Release|Win32
		{36A4336C-1446-4A15-A252-EAE5C350F26D}.Release|x86.Build.0 = Release|Win32
	EndGlobalSection
	GlobalSection(SolutionProperties) = preSolution
		HideSolutionNode = FALSE
	EndGlobalSection
	GlobalSection(ExtensibilityGlobals) = postSolution
		SolutionGuid = {A362C312-0987-429F-B73B-C732EAAE840B}
	EndGlobalSection
EndGlobal
